// !$*UTF8*$!
{
	archiveVersion = 1;
	classes = {
	};
	objectVersion = 70;
	objects = {

/* Begin PBXBuildFile section */
		5E1D5878AF2345C8BD439F59 /* LinkifiedText.swift in Sources */ = {isa = PBXBuildFile; fileRef = 0DE5415733274B15B5045F77 /* LinkifiedText.swift */; };
		96A3BF002EE092D9003BBC85 /* IGViewerShareExtension.appex in Embed Foundation Extensions */ = {isa = PBXBuildFile; fileRef = 96A3BEF62EE092D9003BBC85 /* IGViewerShareExtension.appex */; settings = {ATTRIBUTES = (RemoveHeadersOnCopy, ); }; };
		AA0000000000000000000001 /* IGViewerApp.swift in Sources */ = {isa = PBXBuildFile; fileRef = BB0000000000000000000001 /* IGViewerApp.swift */; };
		AA0000000000000000000002 /* ContentView.swift in Sources */ = {isa = PBXBuildFile; fileRef = BB0000000000000000000002 /* ContentView.swift */; };
		AA0000000000000000000003 /* InstagramUser.swift in Sources */ = {isa = PBXBuildFile; fileRef = BB0000000000000000000003 /* InstagramUser.swift */; };
		AA0000000000000000000004 /* InstagramPost.swift in Sources */ = {isa = PBXBuildFile; fileRef = BB0000000000000000000004 /* InstagramPost.swift */; };
		AA0000000000000000000005 /* InstagramService.swift in Sources */ = {isa = PBXBuildFile; fileRef = BB0000000000000000000005 /* InstagramService.swift */; };
		AA0000000000000000000006 /* InstagramViewModel.swift in Sources */ = {isa = PBXBuildFile; fileRef = BB0000000000000000000006 /* InstagramViewModel.swift */; };
		AA0000000000000000000007 /* UserInputView.swift in Sources */ = {isa = PBXBuildFile; fileRef = BB0000000000000000000007 /* UserInputView.swift */; };
		AA0000000000000000000008 /* PhotoGridView.swift in Sources */ = {isa = PBXBuildFile; fileRef = BB0000000000000000000008 /* PhotoGridView.swift */; };
		AA0000000000000000000009 /* PrivateAccountView.swift in Sources */ = {isa = PBXBuildFile; fileRef = BB0000000000000000000009 /* PrivateAccountView.swift */; };
		AA0000000000000000000010 /* AsyncImageView.swift in Sources */ = {isa = PBXBuildFile; fileRef = BB0000000000000000000010 /* AsyncImageView.swift */; };
		AA0000000000000000000011 /* Assets.xcassets in Resources */ = {isa = PBXBuildFile; fileRef = BB0000000000000000000011 /* Assets.xcassets */; };
/* End PBXBuildFile section */

/* Begin PBXContainerItemProxy section */
		96A3BEFE2EE092D9003BBC85 /* PBXContainerItemProxy */ = {
			isa = PBXContainerItemProxy;
			containerPortal = KK0000000000000000000001 /* Project object */;
			proxyType = 1;
			remoteGlobalIDString = 96A3BEF52EE092D9003BBC85;
			remoteInfo = IGViewerShareExtension;
		};
/* End PBXContainerItemProxy section */

/* Begin PBXCopyFilesBuildPhase section */
		96A3BF012EE092D9003BBC85 /* Embed Foundation Extensions */ = {
			isa = PBXCopyFilesBuildPhase;
			buildActionMask = 2147483647;
			dstPath = "";
			dstSubfolderSpec = 13;
			files = (
				96A3BF002EE092D9003BBC85 /* IGViewerShareExtension.appex in Embed Foundation Extensions */,
			);
			name = "Embed Foundation Extensions";
			runOnlyForDeploymentPostprocessing = 0;
		};
/* End PBXCopyFilesBuildPhase section */

/* Begin PBXFileReference section */
		0DE5415733274B15B5045F77 /* LinkifiedText.swift */ = {isa = PBXFileReference; lastKnownFileType = sourcecode.swift; path = LinkifiedText.swift; sourceTree = "<group>"; };
		96A3BEF62EE092D9003BBC85 /* IGViewerShareExtension.appex */ = {isa = PBXFileReference; explicitFileType = "wrapper.app-extension"; includeInIndex = 0; path = IGViewerShareExtension.appex; sourceTree = BUILT_PRODUCTS_DIR; };
		96A3BF0E2EE09447003BBC85 /* IGViewer.entitlements */ = {isa = PBXFileReference; lastKnownFileType = text.plist.entitlements; path = IGViewer.entitlements; sourceTree = "<group>"; };
		BB0000000000000000000001 /* IGViewerApp.swift */ = {isa = PBXFileReference; lastKnownFileType = sourcecode.swift; path = IGViewerApp.swift; sourceTree = "<group>"; };
		BB0000000000000000000002 /* ContentView.swift */ = {isa = PBXFileReference; lastKnownFileType = sourcecode.swift; path = ContentView.swift; sourceTree = "<group>"; };
		BB0000000000000000000003 /* InstagramUser.swift */ = {isa = PBXFileReference; lastKnownFileType = sourcecode.swift; path = InstagramUser.swift; sourceTree = "<group>"; };
		BB0000000000000000000004 /* InstagramPost.swift */ = {isa = PBXFileReference; lastKnownFileType = sourcecode.swift; path = InstagramPost.swift; sourceTree = "<group>"; };
		BB0000000000000000000005 /* InstagramService.swift */ = {isa = PBXFileReference; lastKnownFileType = sourcecode.swift; path = InstagramService.swift; sourceTree = "<group>"; };
		BB0000000000000000000006 /* InstagramViewModel.swift */ = {isa = PBXFileReference; lastKnownFileType = sourcecode.swift; path = InstagramViewModel.swift; sourceTree = "<group>"; };
		BB0000000000000000000007 /* UserInputView.swift */ = {isa = PBXFileReference; lastKnownFileType = sourcecode.swift; path = UserInputView.swift; sourceTree = "<group>"; };
		BB0000000000000000000008 /* PhotoGridView.swift */ = {isa = PBXFileReference; lastKnownFileType = sourcecode.swift; path = PhotoGridView.swift; sourceTree = "<group>"; };
		BB0000000000000000000009 /* PrivateAccountView.swift */ = {isa = PBXFileReference; lastKnownFileType = sourcecode.swift; path = PrivateAccountView.swift; sourceTree = "<group>"; };
		BB0000000000000000000010 /* AsyncImageView.swift */ = {isa = PBXFileReference; lastKnownFileType = sourcecode.swift; path = AsyncImageView.swift; sourceTree = "<group>"; };
		BB0000000000000000000011 /* Assets.xcassets */ = {isa = PBXFileReference; lastKnownFileType = folder.assetcatalog; path = Assets.xcassets; sourceTree = "<group>"; };
		CC0000000000000000000001 /* IGViewer.app */ = {isa = PBXFileReference; explicitFileType = wrapper.application; includeInIndex = 0; path = IGViewer.app; sourceTree = BUILT_PRODUCTS_DIR; };
		DD0000000000000000000001 /* Info.plist */ = {isa = PBXFileReference; lastKnownFileType = text.plist.xml; path = Info.plist; sourceTree = "<group>"; };
/* End PBXFileReference section */

/* Begin PBXFileSystemSynchronizedBuildFileExceptionSet section */
		96A3BF102EE09600003BBC85 /* PBXFileSystemSynchronizedBuildFileExceptionSet */ = {
			isa = PBXFileSystemSynchronizedBuildFileExceptionSet;
			membershipExceptions = (
				Info.plist,
			);
			target = 96A3BEF52EE092D9003BBC85 /* IGViewerShareExtension */;
		};
/* End PBXFileSystemSynchronizedBuildFileExceptionSet section */

/* Begin PBXFileSystemSynchronizedRootGroup section */
		96A3BEF72EE092D9003BBC85 /* IGViewerShareExtension */ = {isa = PBXFileSystemSynchronizedRootGroup; exceptions = (96A3BF102EE09600003BBC85 /* PBXFileSystemSynchronizedBuildFileExceptionSet */, ); explicitFileTypes = {}; explicitFolders = (); path = IGViewerShareExtension; sourceTree = "<group>"; };
/* End PBXFileSystemSynchronizedRootGroup section */

/* Begin PBXFrameworksBuildPhase section */
		96A3BEF32EE092D9003BBC85 /* Frameworks */ = {
			isa = PBXFrameworksBuildPhase;
			buildActionMask = 2147483647;
			files = (
			);
			runOnlyForDeploymentPostprocessing = 0;
		};
		EE0000000000000000000001 /* Frameworks */ = {
			isa = PBXFrameworksBuildPhase;
			buildActionMask = 2147483647;
			files = (
			);
			runOnlyForDeploymentPostprocessing = 0;
		};
/* End PBXFrameworksBuildPhase section */

/* Begin PBXGroup section */
		FF0000000000000000000001 = {
			isa = PBXGroup;
			children = (
				FF0000000000000000000002 /* IGViewer */,
				96A3BEF72EE092D9003BBC85 /* IGViewerShareExtension */,
				FF0000000000000000000003 /* Products */,
			);
			sourceTree = "<group>";
		};
		FF0000000000000000000002 /* IGViewer */ = {
			isa = PBXGroup;
			children = (
				96A3BF0E2EE09447003BBC85 /* IGViewer.entitlements */,
				BB0000000000000000000001 /* IGViewerApp.swift */,
				BB0000000000000000000002 /* ContentView.swift */,
				FF0000000000000000000004 /* Models */,
				FF0000000000000000000005 /* Services */,
				FF0000000000000000000006 /* ViewModels */,
				FF0000000000000000000007 /* Views */,
				BB0000000000000000000011 /* Assets.xcassets */,
				DD0000000000000000000001 /* Info.plist */,
			);
			path = IGViewer;
			sourceTree = "<group>";
		};
		FF0000000000000000000003 /* Products */ = {
			isa = PBXGroup;
			children = (
				CC0000000000000000000001 /* IGViewer.app */,
				96A3BEF62EE092D9003BBC85 /* IGViewerShareExtension.appex */,
			);
			name = Products;
			sourceTree = "<group>";
		};
		FF0000000000000000000004 /* Models */ = {
			isa = PBXGroup;
			children = (
				BB0000000000000000000003 /* InstagramUser.swift */,
				BB0000000000000000000004 /* InstagramPost.swift */,
			);
			path = Models;
			sourceTree = "<group>";
		};
		FF0000000000000000000005 /* Services */ = {
			isa = PBXGroup;
			children = (
				BB0000000000000000000005 /* InstagramService.swift */,
			);
			path = Services;
			sourceTree = "<group>";
		};
		FF0000000000000000000006 /* ViewModels */ = {
			isa = PBXGroup;
			children = (
				BB0000000000000000000006 /* InstagramViewModel.swift */,
			);
			path = ViewModels;
			sourceTree = "<group>";
		};
		FF0000000000000000000007 /* Views */ = {
			isa = PBXGroup;
			children = (
				BB0000000000000000000007 /* UserInputView.swift */,
				BB0000000000000000000008 /* PhotoGridView.swift */,
				BB0000000000000000000009 /* PrivateAccountView.swift */,
				BB0000000000000000000010 /* AsyncImageView.swift */,
				0DE5415733274B15B5045F77 /* LinkifiedText.swift */,
			);
			path = Views;
			sourceTree = "<group>";
		};
/* End PBXGroup section */

/* Begin PBXNativeTarget section */
		96A3BEF52EE092D9003BBC85 /* IGViewerShareExtension */ = {
			isa = PBXNativeTarget;
			buildConfigurationList = 96A3BF052EE092D9003BBC85 /* Build configuration list for PBXNativeTarget "IGViewerShareExtension" */;
			buildPhases = (
				96A3BEF22EE092D9003BBC85 /* Sources */,
				96A3BEF32EE092D9003BBC85 /* Frameworks */,
				96A3BEF42EE092D9003BBC85 /* Resources */,
			);
			buildRules = (
			);
			dependencies = (
			);
			fileSystemSynchronizedGroups = (
				96A3BEF72EE092D9003BBC85 /* IGViewerShareExtension */,
			);
			name = IGViewerShareExtension;
			packageProductDependencies = (
			);
			productName = IGViewerShareExtension;
			productReference = 96A3BEF62EE092D9003BBC85 /* IGViewerShareExtension.appex */;
			productType = "com.apple.product-type.app-extension";
		};
		GG0000000000000000000001 /* IGViewer */ = {
			isa = PBXNativeTarget;
			buildConfigurationList = HH0000000000000000000001 /* Build configuration list for PBXNativeTarget "IGViewer" */;
			buildPhases = (
				II0000000000000000000001 /* Sources */,
				EE0000000000000000000001 /* Frameworks */,
				JJ0000000000000000000001 /* Resources */,
				96A3BF012EE092D9003BBC85 /* Embed Foundation Extensions */,
			);
			buildRules = (
			);
			dependencies = (
				96A3BEFF2EE092D9003BBC85 /* PBXTargetDependency */,
			);
			name = IGViewer;
			productName = IGViewer;
			productReference = CC0000000000000000000001 /* IGViewer.app */;
			productType = "com.apple.product-type.application";
		};
/* End PBXNativeTarget section */

/* Begin PBXProject section */
		KK0000000000000000000001 /* Project object */ = {
			isa = PBXProject;
			attributes = {
				BuildIndependentTargetsInParallel = 1;
				LastSwiftUpdateCheck = 2610;
				LastUpgradeCheck = 1500;
				TargetAttributes = {
					96A3BEF52EE092D9003BBC85 = {
						CreatedOnToolsVersion = 26.1.1;
					};
					GG0000000000000000000001 = {
						CreatedOnToolsVersion = 15.0;
					};
				};
			};
			buildConfigurationList = LL0000000000000000000001 /* Build configuration list for PBXProject "IGViewer" */;
			compatibilityVersion = "Xcode 14.0";
			developmentRegion = en;
			hasScannedForEncodings = 0;
			knownRegions = (
				en,
				Base,
			);
			mainGroup = FF0000000000000000000001;
			productRefGroup = FF0000000000000000000003 /* Products */;
			projectDirPath = "";
			projectRoot = "";
			targets = (
				GG0000000000000000000001 /* IGViewer */,
				96A3BEF52EE092D9003BBC85 /* IGViewerShareExtension */,
			);
		};
/* End PBXProject section */

/* Begin PBXResourcesBuildPhase section */
		96A3BEF42EE092D9003BBC85 /* Resources */ = {
			isa = PBXResourcesBuildPhase;
			buildActionMask = 2147483647;
			files = (
			);
			runOnlyForDeploymentPostprocessing = 0;
		};
		JJ0000000000000000000001 /* Resources */ = {
			isa = PBXResourcesBuildPhase;
			buildActionMask = 2147483647;
			files = (
				AA0000000000000000000011 /* Assets.xcassets in Resources */,
			);
			runOnlyForDeploymentPostprocessing = 0;
		};
/* End PBXResourcesBuildPhase section */

/* Begin PBXSourcesBuildPhase section */
		96A3BEF22EE092D9003BBC85 /* Sources */ = {
			isa = PBXSourcesBuildPhase;
			buildActionMask = 2147483647;
			files = (
			);
			runOnlyForDeploymentPostprocessing = 0;
		};
		II0000000000000000000001 /* Sources */ = {
			isa = PBXSourcesBuildPhase;
			buildActionMask = 2147483647;
			files = (
				5E1D5878AF2345C8BD439F59 /* LinkifiedText.swift in Sources */,
				AA0000000000000000000001 /* IGViewerApp.swift in Sources */,
				AA0000000000000000000002 /* ContentView.swift in Sources */,
				AA0000000000000000000003 /* InstagramUser.swift in Sources */,
				AA0000000000000000000004 /* InstagramPost.swift in Sources */,
				AA0000000000000000000005 /* InstagramService.swift in Sources */,
				AA0000000000000000000006 /* InstagramViewModel.swift in Sources */,
				AA0000000000000000000007 /* UserInputView.swift in Sources */,
				AA0000000000000000000008 /* PhotoGridView.swift in Sources */,
				AA0000000000000000000009 /* PrivateAccountView.swift in Sources */,
				AA0000000000000000000010 /* AsyncImageView.swift in Sources */,
			);
			runOnlyForDeploymentPostprocessing = 0;
		};
/* End PBXSourcesBuildPhase section */

/* Begin PBXTargetDependency section */
		96A3BEFF2EE092D9003BBC85 /* PBXTargetDependency */ = {
			isa = PBXTargetDependency;
			target = 96A3BEF52EE092D9003BBC85 /* IGViewerShareExtension */;
			targetProxy = 96A3BEFE2EE092D9003BBC85 /* PBXContainerItemProxy */;
		};
/* End PBXTargetDependency section */

/* Begin XCBuildConfiguration section */
		96A3BF022EE092D9003BBC85 /* Debug */ = {
			isa = XCBuildConfiguration;
			buildSettings = {
				CODE_SIGN_ENTITLEMENTS = IGViewerShareExtension/IGViewerShareExtension.entitlements;
				CODE_SIGN_STYLE = Automatic;
				CURRENT_PROJECT_VERSION = 1;
				DEVELOPMENT_TEAM = 7V3D6N8V5K;
				INFOPLIST_FILE = IGViewerShareExtension/Info.plist;
				INFOPLIST_KEY_CFBundleDisplayName = IGViewerShareExtension;
				INFOPLIST_KEY_NSHumanReadableCopyright = "";
				IPHONEOS_DEPLOYMENT_TARGET = 26.1;
				LD_RUNPATH_SEARCH_PATHS = (
					"$(inherited)",
					"@executable_path/Frameworks",
					"@executable_path/../../Frameworks",
				);
				MARKETING_VERSION = 1.0;
				PRODUCT_BUNDLE_IDENTIFIER = com.igviewer.IGViewer.IGViewerShareExtension;
				PRODUCT_NAME = "$(TARGET_NAME)";
				SKIP_INSTALL = YES;
				STRING_CATALOG_GENERATE_SYMBOLS = YES;
				SWIFT_APPROACHABLE_CONCURRENCY = YES;
				SWIFT_EMIT_LOC_STRINGS = YES;
				SWIFT_UPCOMING_FEATURE_MEMBER_IMPORT_VISIBILITY = YES;
				SWIFT_VERSION = 5.0;
				TARGETED_DEVICE_FAMILY = "1,2";
			};
			name = Debug;
		};
		96A3BF032EE092D9003BBC85 /* Release */ = {
			isa = XCBuildConfiguration;
			buildSettings = {
				CODE_SIGN_ENTITLEMENTS = IGViewerShareExtension/IGViewerShareExtension.entitlements;
				CODE_SIGN_STYLE = Automatic;
				CURRENT_PROJECT_VERSION = 1;
				DEVELOPMENT_TEAM = 7V3D6N8V5K;
				INFOPLIST_FILE = IGViewerShareExtension/Info.plist;
				INFOPLIST_KEY_CFBundleDisplayName = IGViewerShareExtension;
				INFOPLIST_KEY_NSHumanReadableCopyright = "";
				IPHONEOS_DEPLOYMENT_TARGET = 26.1;
				LD_RUNPATH_SEARCH_PATHS = (
					"$(inherited)",
					"@executable_path/Frameworks",
					"@executable_path/../../Frameworks",
				);
				MARKETING_VERSION = 1.0;
				PRODUCT_BUNDLE_IDENTIFIER = com.igviewer.IGViewer.IGViewerShareExtension;
				PRODUCT_NAME = "$(TARGET_NAME)";
				SKIP_INSTALL = YES;
				STRING_CATALOG_GENERATE_SYMBOLS = YES;
				SWIFT_APPROACHABLE_CONCURRENCY = YES;
				SWIFT_EMIT_LOC_STRINGS = YES;
				SWIFT_UPCOMING_FEATURE_MEMBER_IMPORT_VISIBILITY = YES;
				SWIFT_VERSION = 5.0;
				TARGETED_DEVICE_FAMILY = "1,2";
			};
			name = Release;
		};
		MM0000000000000000000001 /* Debug */ = {
			isa = XCBuildConfiguration;
			buildSettings = {
				ALWAYS_SEARCH_USER_PATHS = NO;
				ASSETCATALOG_COMPILER_GENERATE_SWIFT_ASSET_SYMBOL_EXTENSIONS = YES;
				CLANG_ANALYZER_NONNULL = YES;
				CLANG_ANALYZER_NUMBER_OBJECT_CONVERSION = YES_AGGRESSIVE;
				CLANG_CXX_LANGUAGE_STANDARD = "gnu++20";
				CLANG_ENABLE_MODULES = YES;
				CLANG_ENABLE_OBJC_ARC = YES;
				CLANG_ENABLE_OBJC_WEAK = YES;
				CLANG_WARN_BLOCK_CAPTURE_AUTORELEASING = YES;
				CLANG_WARN_BOOL_CONVERSION = YES;
				CLANG_WARN_COMMA = YES;
				CLANG_WARN_CONSTANT_CONVERSION = YES;
				CLANG_WARN_DEPRECATED_OBJC_IMPLEMENTATIONS = YES;
				CLANG_WARN_DIRECT_OBJC_ISA_USAGE = YES_ERROR;
				CLANG_WARN_DOCUMENTATION_COMMENTS = YES;
				CLANG_WARN_EMPTY_BODY = YES;
				CLANG_WARN_ENUM_CONVERSION = YES;
				CLANG_WARN_INFINITE_RECURSION = YES;
				CLANG_WARN_INT_CONVERSION = YES;
				CLANG_WARN_NON_LITERAL_NULL_CONVERSION = YES;
				CLANG_WARN_OBJC_IMPLICIT_RETAIN_SELF = YES;
				CLANG_WARN_OBJC_LITERAL_CONVERSION = YES;
				CLANG_WARN_OBJC_ROOT_CLASS = YES_ERROR;
				CLANG_WARN_QUOTED_INCLUDE_IN_FRAMEWORK_HEADER = YES;
				CLANG_WARN_RANGE_LOOP_ANALYSIS = YES;
				CLANG_WARN_STRICT_PROTOTYPES = YES;
				CLANG_WARN_SUSPICIOUS_MOVE = YES;
				CLANG_WARN_UNGUARDED_AVAILABILITY = YES_AGGRESSIVE;
				CLANG_WARN_UNREACHABLE_CODE = YES;
				CLANG_WARN__DUPLICATE_METHOD_MATCH = YES;
				COPY_PHASE_STRIP = NO;
				DEBUG_INFORMATION_FORMAT = dwarf;
				ENABLE_STRICT_OBJC_MSGSEND = YES;
				ENABLE_TESTABILITY = YES;
				ENABLE_USER_SCRIPT_SANDBOXING = YES;
				GCC_C_LANGUAGE_STANDARD = gnu17;
				GCC_DYNAMIC_NO_PIC = NO;
				GCC_NO_COMMON_BLOCKS = YES;
				GCC_OPTIMIZATION_LEVEL = 0;
				GCC_PREPROCESSOR_DEFINITIONS = (
					"DEBUG=1",
					"$(inherited)",
				);
				GCC_WARN_64_TO_32_BIT_CONVERSION = YES;
				GCC_WARN_ABOUT_RETURN_TYPE = YES_ERROR;
				GCC_WARN_UNDECLARED_SELECTOR = YES;
				GCC_WARN_UNINITIALIZED_AUTOS = YES_AGGRESSIVE;
				GCC_WARN_UNUSED_FUNCTION = YES;
				GCC_WARN_UNUSED_VARIABLE = YES;
				IPHONEOS_DEPLOYMENT_TARGET = 15.0;
				LOCALIZATION_PREFERS_STRING_CATALOGS = YES;
				MTL_ENABLE_DEBUG_INFO = INCLUDE_SOURCE;
				MTL_FAST_MATH = YES;
				ONLY_ACTIVE_ARCH = YES;
				SDKROOT = iphoneos;
				SWIFT_ACTIVE_COMPILATION_CONDITIONS = "DEBUG $(inherited)";
				SWIFT_OPTIMIZATION_LEVEL = "-Onone";
			};
			name = Debug;
		};
		MM0000000000000000000002 /* Release */ = {
			isa = XCBuildConfiguration;
			buildSettings = {
				ALWAYS_SEARCH_USER_PATHS = NO;
				ASSETCATALOG_COMPILER_GENERATE_SWIFT_ASSET_SYMBOL_EXTENSIONS = YES;
				CLANG_ANALYZER_NONNULL = YES;
				CLANG_ANALYZER_NUMBER_OBJECT_CONVERSION = YES_AGGRESSIVE;
				CLANG_CXX_LANGUAGE_STANDARD = "gnu++20";
				CLANG_ENABLE_MODULES = YES;
				CLANG_ENABLE_OBJC_ARC = YES;
				CLANG_ENABLE_OBJC_WEAK = YES;
				CLANG_WARN_BLOCK_CAPTURE_AUTORELEASING = YES;
				CLANG_WARN_BOOL_CONVERSION = YES;
				CLANG_WARN_COMMA = YES;
				CLANG_WARN_CONSTANT_CONVERSION = YES;
				CLANG_WARN_DEPRECATED_OBJC_IMPLEMENTATIONS = YES;
				CLANG_WARN_DIRECT_OBJC_ISA_USAGE = YES_ERROR;
				CLANG_WARN_DOCUMENTATION_COMMENTS = YES;
				CLANG_WARN_EMPTY_BODY = YES;
				CLANG_WARN_ENUM_CONVERSION = YES;
				CLANG_WARN_INFINITE_RECURSION = YES;
				CLANG_WARN_INT_CONVERSION = YES;
				CLANG_WARN_NON_LITERAL_NULL_CONVERSION = YES;
				CLANG_WARN_OBJC_IMPLICIT_RETAIN_SELF = YES;
				CLANG_WARN_OBJC_LITERAL_CONVERSION = YES;
				CLANG_WARN_OBJC_ROOT_CLASS = YES_ERROR;
				CLANG_WARN_QUOTED_INCLUDE_IN_FRAMEWORK_HEADER = YES;
				CLANG_WARN_RANGE_LOOP_ANALYSIS = YES;
				CLANG_WARN_STRICT_PROTOTYPES = YES;
				CLANG_WARN_SUSPICIOUS_MOVE = YES;
				CLANG_WARN_UNGUARDED_AVAILABILITY = YES_AGGRESSIVE;
				CLANG_WARN_UNREACHABLE_CODE = YES;
				CLANG_WARN__DUPLICATE_METHOD_MATCH = YES;
				COPY_PHASE_STRIP = NO;
				DEBUG_INFORMATION_FORMAT = "dwarf-with-dsym";
				ENABLE_NS_ASSERTIONS = NO;
				ENABLE_STRICT_OBJC_MSGSEND = YES;
				ENABLE_USER_SCRIPT_SANDBOXING = YES;
				GCC_C_LANGUAGE_STANDARD = gnu17;
				GCC_NO_COMMON_BLOCKS = YES;
				GCC_WARN_64_TO_32_BIT_CONVERSION = YES;
				GCC_WARN_ABOUT_RETURN_TYPE = YES_ERROR;
				GCC_WARN_UNDECLARED_SELECTOR = YES;
				GCC_WARN_UNINITIALIZED_AUTOS = YES_AGGRESSIVE;
				GCC_WARN_UNUSED_FUNCTION = YES;
				GCC_WARN_UNUSED_VARIABLE = YES;
				IPHONEOS_DEPLOYMENT_TARGET = 15.0;
				LOCALIZATION_PREFERS_STRING_CATALOGS = YES;
				MTL_ENABLE_DEBUG_INFO = NO;
				MTL_FAST_MATH = YES;
				SDKROOT = iphoneos;
				SWIFT_COMPILATION_MODE = wholemodule;
				VALIDATE_PRODUCT = YES;
			};
			name = Release;
		};
		NN0000000000000000000001 /* Debug */ = {
			isa = XCBuildConfiguration;
			buildSettings = {
				ASSETCATALOG_COMPILER_APPICON_NAME = AppIcon;
				ASSETCATALOG_COMPILER_GLOBAL_ACCENT_COLOR_NAME = AccentColor;
				ASSETCATALOG_COMPILER_INCLUDE_ALL_APPICON_ASSETS = NO;
				CODE_SIGN_ENTITLEMENTS = IGViewer/IGViewer.entitlements;
				CODE_SIGN_STYLE = Automatic;
				CURRENT_PROJECT_VERSION = 1;
				DEVELOPMENT_ASSET_PATHS = "";
				DEVELOPMENT_TEAM = 7V3D6N8V5K;
				ENABLE_PREVIEWS = YES;
				GENERATE_INFOPLIST_FILE = NO;
				INFOPLIST_FILE = IGViewer/Info.plist;
				INFOPLIST_KEY_UIApplicationSceneManifest_Generation = YES;
				INFOPLIST_KEY_UIApplicationSupportsIndirectInputEvents = YES;
				INFOPLIST_KEY_UILaunchScreen_Generation = YES;
				INFOPLIST_KEY_UISupportedInterfaceOrientations = "UIInterfaceOrientationPortrait UIInterfaceOrientationLandscapeLeft UIInterfaceOrientationLandscapeRight";
				INFOPLIST_KEY_UISupportedInterfaceOrientations_iPad = "UIInterfaceOrientationPortrait UIInterfaceOrientationPortraitUpsideDown UIInterfaceOrientationLandscapeLeft UIInterfaceOrientationLandscapeRight";
				LD_RUNPATH_SEARCH_PATHS = (
					"$(inherited)",
					"@executable_path/Frameworks",
				);
				MARKETING_VERSION = 1.0;
				PRODUCT_BUNDLE_IDENTIFIER = com.igviewer.IGViewer;
				PRODUCT_NAME = "$(TARGET_NAME)";
				SWIFT_EMIT_LOC_STRINGS = YES;
				SWIFT_VERSION = 5.0;
				TARGETED_DEVICE_FAMILY = "1,2";
			};
			name = Debug;
		};
		NN0000000000000000000002 /* Release */ = {
			isa = XCBuildConfiguration;
			buildSettings = {
				ASSETCATALOG_COMPILER_APPICON_NAME = AppIcon;
				ASSETCATALOG_COMPILER_GLOBAL_ACCENT_COLOR_NAME = AccentColor;
				ASSETCATALOG_COMPILER_INCLUDE_ALL_APPICON_ASSETS = NO;
				CODE_SIGN_ENTITLEMENTS = IGViewer/IGViewer.entitlements;
				CODE_SIGN_STYLE = Automatic;
				CURRENT_PROJECT_VERSION = 1;
				DEVELOPMENT_ASSET_PATHS = "";
				DEVELOPMENT_TEAM = 7V3D6N8V5K;
				ENABLE_PREVIEWS = YES;
				GENERATE_INFOPLIST_FILE = NO;
				INFOPLIST_FILE = IGViewer/Info.plist;
				INFOPLIST_KEY_UIApplicationSceneManifest_Generation = YES;
				INFOPLIST_KEY_UIApplicationSupportsIndirectInputEvents = YES;
				INFOPLIST_KEY_UILaunchScreen_Generation = YES;
				INFOPLIST_KEY_UISupportedInterfaceOrientations = "UIInterfaceOrientationPortrait UIInterfaceOrientationLandscapeLeft UIInterfaceOrientationLandscapeRight";
				INFOPLIST_KEY_UISupportedInterfaceOrientations_iPad = "UIInterfaceOrientationPortrait UIInterfaceOrientationPortraitUpsideDown UIInterfaceOrientationLandscapeLeft UIInterfaceOrientationLandscapeRight";
				LD_RUNPATH_SEARCH_PATHS = (
					"$(inherited)",
					"@executable_path/Frameworks",
				);
				MARKETING_VERSION = 1.0;
				PRODUCT_BUNDLE_IDENTIFIER = com.igviewer.IGViewer;
				PRODUCT_NAME = "$(TARGET_NAME)";
				SWIFT_EMIT_LOC_STRINGS = YES;
				SWIFT_VERSION = 5.0;
				TARGETED_DEVICE_FAMILY = "1,2";
			};
			name = Release;
		};
/* End XCBuildConfiguration section */

/* Begin XCConfigurationList section */
		96A3BF052EE092D9003BBC85 /* Build configuration list for PBXNativeTarget "IGViewerShareExtension" */ = {
			isa = XCConfigurationList;
			buildConfigurations = (
				96A3BF022EE092D9003BBC85 /* Debug */,
				96A3BF032EE092D9003BBC85 /* Release */,
			);
			defaultConfigurationIsVisible = 0;
			defaultConfigurationName = Release;
		};
		HH0000000000000000000001 /* Build configuration list for PBXNativeTarget "IGViewer" */ = {
			isa = XCConfigurationList;
			buildConfigurations = (
				NN0000000000000000000001 /* Debug */,
				NN0000000000000000000002 /* Release */,
			);
			defaultConfigurationIsVisible = 0;
			defaultConfigurationName = Release;
		};
		LL0000000000000000000001 /* Build configuration list for PBXProject "IGViewer" */ = {
			isa = XCConfigurationList;
			buildConfigurations = (
				MM0000000000000000000001 /* Debug */,
				MM0000000000000000000002 /* Release */,
			);
			defaultConfigurationIsVisible = 0;
			defaultConfigurationName = Release;
		};
/* End XCConfigurationList section */
	};
	rootObject = KK0000000000000000000001 /* Project object */;
}
